[[package]]
name = "aiohappyeyeballs"
version = "2.4.4"
description = "Happy Eyeballs for asyncio"
category = "main"
optional = false
python-versions = ">=3.8"

[[package]]
name = "aiohttp"
version = "3.11.11"
description = "Async http client/server framework (asyncio)"
category = "main"
optional = false
python-versions = ">=3.9"

[package.dependencies]
aiohappyeyeballs = ">=2.3.0"
aiosignal = ">=1.1.2"
async-timeout = {version = ">=4.0,<6.0", markers = "python_version < \"3.11\""}
attrs = ">=17.3.0"
frozenlist = ">=1.1.1"
multidict = ">=4.5,<7.0"
propcache = ">=0.2.0"
yarl = ">=1.17.0,<2.0"

[package.extras]
speedups = ["aiodns (>=3.2.0)", "brotli", "brotlicffi"]

[[package]]
name = "aiosignal"
version = "1.3.2"
description = "aiosignal: a list of registered asynchronous callbacks"
category = "main"
optional = false
python-versions = ">=3.9"

[package.dependencies]
frozenlist = ">=1.1.0"

[[package]]
name = "async-timeout"
version = "5.0.1"
description = "Timeout context manager for asyncio programs"
category = "main"
optional = false
python-versions = ">=3.8"

[[package]]
name = "attrs"
version = "25.1.0"
description = "Classes Without Boilerplate"
category = "main"
optional = false
python-versions = ">=3.8"

[package.extras]
benchmark = ["cloudpickle", "hypothesis", "mypy (>=1.11.1)", "pympler", "pytest-codspeed", "pytest-mypy-plugins", "pytest-xdist", "pytest (>=4.3.0)"]
cov = ["cloudpickle", "coverage[toml] (>=5.3)", "hypothesis", "mypy (>=1.11.1)", "pympler", "pytest-mypy-plugins", "pytest-xdist", "pytest (>=4.3.0)"]
dev = ["cloudpickle", "hypothesis", "mypy (>=1.11.1)", "pre-commit-uv", "pympler", "pytest-mypy-plugins", "pytest-xdist", "pytest (>=4.3.0)"]
docs = ["cogapp", "furo", "myst-parser", "sphinx", "sphinx-notfound-page", "sphinxcontrib-towncrier", "towncrier (<24.7)"]
tests = ["cloudpickle", "hypothesis", "mypy (>=1.11.1)", "pympler", "pytest-mypy-plugins", "pytest-xdist", "pytest (>=4.3.0)"]
tests-mypy = ["mypy (>=1.11.1)", "pytest-mypy-plugins"]

[[package]]
name = "frozenlist"
version = "1.5.0"
description = "A list-like structure which implements collections.abc.MutableSequence"
category = "main"
optional = false
python-versions = ">=3.8"

[[package]]
name = "idna"
version = "3.10"
description = "Internationalized Domain Names in Applications (IDNA)"
category = "main"
optional = false
python-versions = ">=3.6"

[package.extras]
all = ["ruff (>=0.6.2)", "mypy (>=1.11.2)", "pytest (>=8.3.2)", "flake8 (>=7.1.1)"]

[[package]]
name = "multidict"
version = "6.1.0"
description = "multidict implementation"
category = "main"
optional = false
python-versions = ">=3.8"

[package.dependencies]
typing-extensions = {version = ">=4.1.0", markers = "python_version < \"3.11\""}

[[package]]
name = "propcache"
version = "0.2.1"
description = "Accelerated property cache"
category = "main"
optional = false
python-versions = ">=3.9"

[[package]]
name = "typing-extensions"
version = "4.12.2"
description = "Backported and Experimental Type Hints for Python 3.8+"
category = "main"
optional = false
python-versions = ">=3.8"

[[package]]
name = "yarl"
version = "1.18.3"
description = "Yet another URL library"
category = "main"
optional = false
python-versions = ">=3.9"

[package.dependencies]
idna = ">=2.0"
multidict = ">=4.0"
propcache = ">=0.2.0"

[metadata]
lock-version = "1.1"
python-versions = "^3.10"
content-hash = "f9fccee8f3417625f1c7a1f0d9718e390c4421d444d17b1134982f9e1ecbe908"

[metadata.files]
aiohappyeyeballs = []
aiohttp = []
aiosignal = []
async-timeout = []
attrs = []
frozenlist = []
idna = []
multidict = []
propcache = []
typing-extensions = []
yarl = []
